
Microsoft Visual Studio Solution File, Format Version 12.00
# Visual Studio 15
VisualStudioVersion = 15.0.28307.421
MinimumVisualStudioVersion = 10.0.40219.1
Project("{FAE04EC0-301F-11D3-BF4B-00C04F79EFBC}") = "GetArraySorted", "GetArraySorted\GetArraySorted.csproj", "{28A11B70-B0F0-4DDF-B65E-73E8F48E8EBC}"
EndProject
Global
	GlobalSection(SolutionConfigurationPlatforms) = preSolution
		Debug|Any CPU = Debug|Any CPU
		Release|Any CPU = Release|Any CPU
	EndGlobalSection
	GlobalSection(ProjectConfigurationPlatforms) = postSolution
		{28A11B70-B0F0-4DDF-B65E-73E8F48E8EBC}.Debug|Any CPU.ActiveCfg = Debug|Any CPU
		{28A11B70-B0F0-4DDF-B65E-73E8F48E8EBC}.Debug|Any CPU.Build.0 = Debug|Any CPU
		{28A11B70-B0F0-4DDF-B65E-73E8F48E8EBC}.Release|Any CPU.ActiveCfg = Release|Any CPU
		{28A11B70-B0F0-4DDF-B65E-73E8F48E8EBC}.Release|Any CPU.Build.0 = Release|Any CPU
	EndGlobalSection
	GlobalSection(SolutionProperties) = preSolution
		HideSolutionNode = FALSE
	EndGlobalSection
	GlobalSection(ExtensibilityGlobals) = postSolution
		SolutionGuid = {63AB0545-F1DE-4FBB-9A8D-85AD5853735D}
	EndGlobalSection
EndGlobal
